github.com/golang/sys v0.0.0-20200323222414-85ca7c5b95cd h1:Bphe/ZHBGnGuJLI5cTGtaBQ4SV7lAmtE6MwYClH13G8=
github.com/golang/sys v0.0.0-20200323222414-85ca7c5b95cd/go.mod h1:h1NjWce9XRLGQEsW7wpKNCjG9DtNlClVuFLEZdDNbEs=
github.com/golang/sys v0.0.0-20200413165638-669c56c373c4 h1:BaY3hZNAP6/lqGSKAnSFzk+Gr321Bm8o7hKsP+5TQFI=
